
Microsoft Visual Studio Solution File, Format Version 12.00
# Visual Studio 14
VisualStudioVersion = 14.0.25420.1
MinimumVisualStudioVersion = 10.0.40219.1
Project("{FAE04EC0-301F-11D3-BF4B-00C04F79EFBC}") = "MySqlDemo.Web", "MySqlDemo.Web\MySqlDemo.Web.csproj", "{DDEC46B0-8F81-4C03-A071-1BD63F8C1AF9}"
EndProject
Project("{2150E333-8FDC-42A3-9474-1A3956D46DE8}") = "00 Lib", "00 Lib", "{4781B7E2-B976-41DA-9095-562E7D9E2415}"
EndProject
Project("{2150E333-8FDC-42A3-9474-1A3956D46DE8}") = "01 Project", "01 Project", "{48144DDC-3569-4A23-B171-ACA28F84704C}"
EndProject
Project("{FAE04EC0-301F-11D3-BF4B-00C04F79EFBC}") = "Common", "Common\Common.csproj", "{21AEECDB-3F06-4E66-9322-AC796148A0D2}"
EndProject
Project("{2150E333-8FDC-42A3-9474-1A3956D46DE8}") = "00 Common", "00 Common", "{3318005F-13E4-4A01-96AF-6FA568C7CC2E}"
EndProject
Project("{2150E333-8FDC-42A3-9474-1A3956D46DE8}") = "01 Db", "01 Db", "{242AA301-A794-4834-8E35-C3D8936AF785}"
EndProject
Project("{FAE04EC0-301F-11D3-BF4B-00C04F79EFBC}") = "MySqlDemo.Entity", "MySqlDemo.Entity\MySqlDemo.Entity.csproj", "{60AFDBF9-D76A-4710-8772-53F75D416D76}"
EndProject
Project("{2150E333-8FDC-42A3-9474-1A3956D46DE8}") = "00 Def", "00 Def", "{B042E538-E424-4C7B-8D78-A7A826661B84}"
EndProject
Global
	GlobalSection(SolutionConfigurationPlatforms) = preSolution
		Debug|Any CPU = Debug|Any CPU
		Release|Any CPU = Release|Any CPU
	EndGlobalSection
	GlobalSection(ProjectConfigurationPlatforms) = postSolution
		{DDEC46B0-8F81-4C03-A071-1BD63F8C1AF9}.Debug|Any CPU.ActiveCfg = Debug|Any CPU
		{DDEC46B0-8F81-4C03-A071-1BD63F8C1AF9}.Debug|Any CPU.Build.0 = Debug|Any CPU
		{DDEC46B0-8F81-4C03-A071-1BD63F8C1AF9}.Release|Any CPU.ActiveCfg = Release|Any CPU
		{DDEC46B0-8F81-4C03-A071-1BD63F8C1AF9}.Release|Any CPU.Build.0 = Release|Any CPU
		{21AEECDB-3F06-4E66-9322-AC796148A0D2}.Debug|Any CPU.ActiveCfg = Debug|Any CPU
		{21AEECDB-3F06-4E66-9322-AC796148A0D2}.Debug|Any CPU.Build.0 = Debug|Any CPU
		{21AEECDB-3F06-4E66-9322-AC796148A0D2}.Release|Any CPU.ActiveCfg = Release|Any CPU
		{21AEECDB-3F06-4E66-9322-AC796148A0D2}.Release|Any CPU.Build.0 = Release|Any CPU
		{60AFDBF9-D76A-4710-8772-53F75D416D76}.Debug|Any CPU.ActiveCfg = Debug|Any CPU
		{60AFDBF9-D76A-4710-8772-53F75D416D76}.Debug|Any CPU.Build.0 = Debug|Any CPU
		{60AFDBF9-D76A-4710-8772-53F75D416D76}.Release|Any CPU.ActiveCfg = Release|Any CPU
		{60AFDBF9-D76A-4710-8772-53F75D416D76}.Release|Any CPU.Build.0 = Release|Any CPU
	EndGlobalSection
	GlobalSection(SolutionProperties) = preSolution
		HideSolutionNode = FALSE
	EndGlobalSection
	GlobalSection(NestedProjects) = preSolution
		{DDEC46B0-8F81-4C03-A071-1BD63F8C1AF9} = {48144DDC-3569-4A23-B171-ACA28F84704C}
		{21AEECDB-3F06-4E66-9322-AC796148A0D2} = {3318005F-13E4-4A01-96AF-6FA568C7CC2E}
		{3318005F-13E4-4A01-96AF-6FA568C7CC2E} = {4781B7E2-B976-41DA-9095-562E7D9E2415}
		{242AA301-A794-4834-8E35-C3D8936AF785} = {4781B7E2-B976-41DA-9095-562E7D9E2415}
		{60AFDBF9-D76A-4710-8772-53F75D416D76} = {B042E538-E424-4C7B-8D78-A7A826661B84}
		{B042E538-E424-4C7B-8D78-A7A826661B84} = {242AA301-A794-4834-8E35-C3D8936AF785}
	EndGlobalSection
EndGlobal
